
Microsoft Visual Studio Solution File, Format Version 12.00
# Visual Studio Version 16
VisualStudioVersion = 25.0.1706.12
MinimumVisualStudioVersion = 10.0.40219.1
Project("{FAE04EC0-301F-11D3-BF4B-00C04F79EFBC}") = "WebDevPath-BackEnd", "WebDevPath-BackEnd\WebDevPath-BackEnd.csproj", "{2C06EA98-79A2-4090-BC6C-1BF92A2D3C68}"
EndProject
Global
	GlobalSection(SolutionConfigurationPlatforms) = preSolution
		Debug|Any CPU = Debug|Any CPU
		Release|Any CPU = Release|Any CPU
	EndGlobalSection
	GlobalSection(ProjectConfigurationPlatforms) = postSolution
		{2C06EA98-79A2-4090-BC6C-1BF92A2D3C68}.Debug|Any CPU.ActiveCfg = Debug|Any CPU
		{2C06EA98-79A2-4090-BC6C-1BF92A2D3C68}.Debug|Any CPU.Build.0 = Debug|Any CPU
		{2C06EA98-79A2-4090-BC6C-1BF92A2D3C68}.Release|Any CPU.ActiveCfg = Release|Any CPU
		{2C06EA98-79A2-4090-BC6C-1BF92A2D3C68}.Release|Any CPU.Build.0 = Release|Any CPU
	EndGlobalSection
	GlobalSection(SolutionProperties) = preSolution
		HideSolutionNode = FALSE
	EndGlobalSection
	GlobalSection(ExtensibilityGlobals) = postSolution
		SolutionGuid = {CD89B24C-ED5F-4482-8B81-A7EE02CA7322}
	EndGlobalSection
EndGlobal
